
Microsoft Visual Studio Solution File, Format Version 12.00
# Visual Studio Version 17
VisualStudioVersion = 17.3.32901.215
MinimumVisualStudioVersion = 10.0.40219.1
Project("{FAE04EC0-301F-11D3-BF4B-00C04F79EFBC}") = "Work2222", "Work2222\Work2222.csproj", "{70278318-ED21-4CE6-AA49-2A9ED92E8C17}"
EndProject
Global
	GlobalSection(SolutionConfigurationPlatforms) = preSolution
		Debug|Any CPU = Debug|Any CPU
		Release|Any CPU = Release|Any CPU
	EndGlobalSection
	GlobalSection(ProjectConfigurationPlatforms) = postSolution
		{70278318-ED21-4CE6-AA49-2A9ED92E8C17}.Debug|Any CPU.ActiveCfg = Debug|Any CPU
		{70278318-ED21-4CE6-AA49-2A9ED92E8C17}.Debug|Any CPU.Build.0 = Debug|Any CPU
		{70278318-ED21-4CE6-AA49-2A9ED92E8C17}.Release|Any CPU.ActiveCfg = Release|Any CPU
		{70278318-ED21-4CE6-AA49-2A9ED92E8C17}.Release|Any CPU.Build.0 = Release|Any CPU
	EndGlobalSection
	GlobalSection(SolutionProperties) = preSolution
		HideSolutionNode = FALSE
	EndGlobalSection
	GlobalSection(ExtensibilityGlobals) = postSolution
		SolutionGuid = {E60114BD-2A1C-49AB-B844-F632B6726C7D}
	EndGlobalSection
EndGlobal
